
Microsoft Visual Studio Solution File, Format Version 12.00
# Visual Studio Version 17
VisualStudioVersion = 17.0.31903.59
MinimumVisualStudioVersion = 10.0.40219.1
Project("{2150E333-8FDC-42A3-9474-1A3956D46DE8}") = "src", "src", "{827E0CD3-B72D-47B6-A68D-7590B98EB39B}"
EndProject
Project("{FAE04EC0-301F-11D3-BF4B-00C04F79EFBC}") = "CashFlow.Connectors.Statements", "src\CashFlow.Connectors.Statements\CashFlow.Connectors.Statements.csproj", "{702EC0BD-D2F4-42E9-93A5-E891C57C0968}"
EndProject
Project("{FAE04EC0-301F-11D3-BF4B-00C04F79EFBC}") = "CashFlow.Connectors.Sber.Business", "src\CashFlow.Connectors.Sber.Business\CashFlow.Connectors.Sber.Business.csproj", "{4123777A-D6B3-4895-99F4-7C18EBEAA7FA}"
EndProject
Project("{FAE04EC0-301F-11D3-BF4B-00C04F79EFBC}") = "CashFlow.Infrastructure", "src\CashFlow.Infrastructure\CashFlow.Infrastructure.csproj", "{4F9FCCA1-D307-44CD-814B-F44CA9C2AE66}"
EndProject
Project("{FAE04EC0-301F-11D3-BF4B-00C04F79EFBC}") = "CashFlow.Web", "src\CashFlow.Web\CashFlow.Web.csproj", "{8530BE7E-184A-4E7F-8779-F43BC1A514BC}"
EndProject
Project("{FAE04EC0-301F-11D3-BF4B-00C04F79EFBC}") = "CashFlow.Application", "src\CashFlow.Application\CashFlow.Application.csproj", "{6E14268D-22D4-4E12-A8C8-C731CCC63BB7}"
EndProject
Project("{FAE04EC0-301F-11D3-BF4B-00C04F79EFBC}") = "CashFlow.Connectors.Abstractions", "src\CashFlow.Connectors.Abstractions\CashFlow.Connectors.Abstractions.csproj", "{189058F6-BF43-44C2-B559-ECC59DFF945C}"
EndProject
Project("{FAE04EC0-301F-11D3-BF4B-00C04F79EFBC}") = "CashFlow.Connectors.TInvest", "src\CashFlow.Connectors.TInvest\CashFlow.Connectors.TInvest.csproj", "{DA25FCAC-C104-4EEB-9BEB-0CBDB0219BC7}"
EndProject
Project("{FAE04EC0-301F-11D3-BF4B-00C04F79EFBC}") = "CashFlow.Connectors.TBank.Business", "src\CashFlow.Connectors.TBank.Business\CashFlow.Connectors.TBank.Business.csproj", "{3B80EC78-7881-46FE-8B76-164FE0243AA2}"
EndProject
Project("{FAE04EC0-301F-11D3-BF4B-00C04F79EFBC}") = "CashFlow.Domain", "src\CashFlow.Domain\CashFlow.Domain.csproj", "{08B9E221-7AC1-49E0-BAD1-F50C4618CF36}"
EndProject
Project("{FAE04EC0-301F-11D3-BF4B-00C04F79EFBC}") = "CashFlow.Domain.Tests", "tests\CashFlow.Domain.Tests\CashFlow.Domain.Tests.csproj", "{1076062D-84FA-4196-8445-BACA0A14CF30}"
EndProject
Global
	GlobalSection(SolutionConfigurationPlatforms) = preSolution
		Debug|Any CPU = Debug|Any CPU
		Debug|x64 = Debug|x64
		Debug|x86 = Debug|x86
		Release|Any CPU = Release|Any CPU
		Release|x64 = Release|x64
		Release|x86 = Release|x86
	EndGlobalSection
	GlobalSection(ProjectConfigurationPlatforms) = postSolution
		{702EC0BD-D2F4-42E9-93A5-E891C57C0968}.Debug|Any CPU.ActiveCfg = Debug|Any CPU
		{702EC0BD-D2F4-42E9-93A5-E891C57C0968}.Debug|Any CPU.Build.0 = Debug|Any CPU
		{702EC0BD-D2F4-42E9-93A5-E891C57C0968}.Debug|x64.ActiveCfg = Debug|Any CPU
		{702EC0BD-D2F4-42E9-93A5-E891C57C0968}.Debug|x64.Build.0 = Debug|Any CPU
		{702EC0BD-D2F4-42E9-93A5-E891C57C0968}.Debug|x86.ActiveCfg = Debug|Any CPU
		{702EC0BD-D2F4-42E9-93A5-E891C57C0968}.Debug|x86.Build.0 = Debug|Any CPU
		{702EC0BD-D2F4-42E9-93A5-E891C57C0968}.Release|Any CPU.ActiveCfg = Release|Any CPU
		{702EC0BD-D2F4-42E9-93A5-E891C57C0968}.Release|Any CPU.Build.0 = Release|Any CPU
		{702EC0BD-D2F4-42E9-93A5-E891C57C0968}.Release|x64.ActiveCfg = Release|Any CPU
		{702EC0BD-D2F4-42E9-93A5-E891C57C0968}.Release|x64.Build.0 = Release|Any CPU
		{702EC0BD-D2F4-42E9-93A5-E891C57C0968}.Release|x86.ActiveCfg = Release|Any CPU
		{702EC0BD-D2F4-42E9-93A5-E891C57C0968}.Release|x86.Build.0 = Release|Any CPU
		{4123777A-D6B3-4895-99F4-7C18EBEAA7FA}.Debug|Any CPU.ActiveCfg = Debug|Any CPU
		{4123777A-D6B3-4895-99F4-7C18EBEAA7FA}.Debug|Any CPU.Build.0 = Debug|Any CPU
		{4123777A-D6B3-4895-99F4-7C18EBEAA7FA}.Debug|x64.ActiveCfg = Debug|Any CPU
		{4123777A-D6B3-4895-99F4-7C18EBEAA7FA}.Debug|x64.Build.0 = Debug|Any CPU
		{4123777A-D6B3-4895-99F4-7C18EBEAA7FA}.Debug|x86.ActiveCfg = Debug|Any CPU
		{4123777A-D6B3-4895-99F4-7C18EBEAA7FA}.Debug|x86.Build.0 = Debug|Any CPU
		{4123777A-D6B3-4895-99F4-7C18EBEAA7FA}.Release|Any CPU.ActiveCfg = Release|Any CPU
		{4123777A-D6B3-4895-99F4-7C18EBEAA7FA}.Release|Any CPU.Build.0 = Release|Any CPU
		{4123777A-D6B3-4895-99F4-7C18EBEAA7FA}.Release|x64.ActiveCfg = Release|Any CPU
		{4123777A-D6B3-4895-99F4-7C18EBEAA7FA}.Release|x64.Build.0 = Release|Any CPU
		{4123777A-D6B3-4895-99F4-7C18EBEAA7FA}.Release|x86.ActiveCfg = Release|Any CPU
		{4123777A-D6B3-4895-99F4-7C18EBEAA7FA}.Release|x86.Build.0 = Release|Any CPU
		{4F9FCCA1-D307-44CD-814B-F44CA9C2AE66}.Debug|Any CPU.ActiveCfg = Debug|Any CPU
		{4F9FCCA1-D307-44CD-814B-F44CA9C2AE66}.Debug|Any CPU.Build.0 = Debug|Any CPU
		{4F9FCCA1-D307-44CD-814B-F44CA9C2AE66}.Debug|x64.ActiveCfg = Debug|Any CPU
		{4F9FCCA1-D307-44CD-814B-F44CA9C2AE66}.Debug|x64.Build.0 = Debug|Any CPU
		{4F9FCCA1-D307-44CD-814B-F44CA9C2AE66}.Debug|x86.ActiveCfg = Debug|Any CPU
		{4F9FCCA1-D307-44CD-814B-F44CA9C2AE66}.Debug|x86.Build.0 = Debug|Any CPU
		{4F9FCCA1-D307-44CD-814B-F44CA9C2AE66}.Release|Any CPU.ActiveCfg = Release|Any CPU
		{4F9FCCA1-D307-44CD-814B-F44CA9C2AE66}.Release|Any CPU.Build.0 = Release|Any CPU
		{4F9FCCA1-D307-44CD-814B-F44CA9C2AE66}.Release|x64.ActiveCfg = Release|Any CPU
		{4F9FCCA1-D307-44CD-814B-F44CA9C2AE66}.Release|x64.Build.0 = Release|Any CPU
		{4F9FCCA1-D307-44CD-814B-F44CA9C2AE66}.Release|x86.ActiveCfg = Release|Any CPU
		{4F9FCCA1-D307-44CD-814B-F44CA9C2AE66}.Release|x86.Build.0 = Release|Any CPU
		{8530BE7E-184A-4E7F-8779-F43BC1A514BC}.Debug|Any CPU.ActiveCfg = Debug|Any CPU
		{8530BE7E-184A-4E7F-8779-F43BC1A514BC}.Debug|Any CPU.Build.0 = Debug|Any CPU
		{8530BE7E-184A-4E7F-8779-F43BC1A514BC}.Debug|x64.ActiveCfg = Debug|Any CPU
		{8530BE7E-184A-4E7F-8779-F43BC1A514BC}.Debug|x64.Build.0 = Debug|Any CPU
		{8530BE7E-184A-4E7F-8779-F43BC1A514BC}.Debug|x86.ActiveCfg = Debug|Any CPU
		{8530BE7E-184A-4E7F-8779-F43BC1A514BC}.Debug|x86.Build.0 = Debug|Any CPU
		{8530BE7E-184A-4E7F-8779-F43BC1A514BC}.Release|Any CPU.ActiveCfg = Release|Any CPU
		{8530BE7E-184A-4E7F-8779-F43BC1A514BC}.Release|Any CPU.Build.0 = Release|Any CPU
		{8530BE7E-184A-4E7F-8779-F43BC1A514BC}.Release|x64.ActiveCfg = Release|Any CPU
		{8530BE7E-184A-4E7F-8779-F43BC1A514BC}.Release|x64.Build.0 = Release|Any CPU
		{8530BE7E-184A-4E7F-8779-F43BC1A514BC}.Release|x86.ActiveCfg = Release|Any CPU
		{8530BE7E-184A-4E7F-8779-F43BC1A514BC}.Release|x86.Build.0 = Release|Any CPU
		{6E14268D-22D4-4E12-A8C8-C731CCC63BB7}.Debug|Any CPU.ActiveCfg = Debug|Any CPU
		{6E14268D-22D4-4E12-A8C8-C731CCC63BB7}.Debug|Any CPU.Build.0 = Debug|Any CPU
		{6E14268D-22D4-4E12-A8C8-C731CCC63BB7}.Debug|x64.ActiveCfg = Debug|Any CPU
		{6E14268D-22D4-4E12-A8C8-C731CCC63BB7}.Debug|x64.Build.0 = Debug|Any CPU
		{6E14268D-22D4-4E12-A8C8-C731CCC63BB7}.Debug|x86.ActiveCfg = Debug|Any CPU
		{6E14268D-22D4-4E12-A8C8-C731CCC63BB7}.Debug|x86.Build.0 = Debug|Any CPU
		{6E14268D-22D4-4E12-A8C8-C731CCC63BB7}.Release|Any CPU.ActiveCfg = Release|Any CPU
		{6E14268D-22D4-4E12-A8C8-C731CCC63BB7}.Release|Any CPU.Build.0 = Release|Any CPU
		{6E14268D-22D4-4E12-A8C8-C731CCC63BB7}.Release|x64.ActiveCfg = Release|Any CPU
		{6E14268D-22D4-4E12-A8C8-C731CCC63BB7}.Release|x64.Build.0 = Release|Any CPU
		{6E14268D-22D4-4E12-A8C8-C731CCC63BB7}.Release|x86.ActiveCfg = Release|Any CPU
		{6E14268D-22D4-4E12-A8C8-C731CCC63BB7}.Release|x86.Build.0 = Release|Any CPU
		{189058F6-BF43-44C2-B559-ECC59DFF945C}.Debug|Any CPU.ActiveCfg = Debug|Any CPU
		{189058F6-BF43-44C2-B559-ECC59DFF945C}.Debug|Any CPU.Build.0 = Debug|Any CPU
		{189058F6-BF43-44C2-B559-ECC59DFF945C}.Debug|x64.ActiveCfg = Debug|Any CPU
		{189058F6-BF43-44C2-B559-ECC59DFF945C}.Debug|x64.Build.0 = Debug|Any CPU
		{189058F6-BF43-44C2-B559-ECC59DFF945C}.Debug|x86.ActiveCfg = Debug|Any CPU
		{189058F6-BF43-44C2-B559-ECC59DFF945C}.Debug|x86.Build.0 = Debug|Any CPU
		{189058F6-BF43-44C2-B559-ECC59DFF945C}.Release|Any CPU.ActiveCfg = Release|Any CPU
		{189058F6-BF43-44C2-B559-ECC59DFF945C}.Release|Any CPU.Build.0 = Release|Any CPU
		{189058F6-BF43-44C2-B559-ECC59DFF945C}.Release|x64.ActiveCfg = Release|Any CPU
		{189058F6-BF43-44C2-B559-ECC59DFF945C}.Release|x64.Build.0 = Release|Any CPU
		{189058F6-BF43-44C2-B559-ECC59DFF945C}.Release|x86.ActiveCfg = Release|Any CPU
		{189058F6-BF43-44C2-B559-ECC59DFF945C}.Release|x86.Build.0 = Release|Any CPU
		{DA25FCAC-C104-4EEB-9BEB-0CBDB0219BC7}.Debug|Any CPU.ActiveCfg = Debug|Any CPU
		{DA25FCAC-C104-4EEB-9BEB-0CBDB0219BC7}.Debug|Any CPU.Build.0 = Debug|Any CPU
		{DA25FCAC-C104-4EEB-9BEB-0CBDB0219BC7}.Debug|x64.ActiveCfg = Debug|Any CPU
		{DA25FCAC-C104-4EEB-9BEB-0CBDB0219BC7}.Debug|x64.Build.0 = Debug|Any CPU
		{DA25FCAC-C104-4EEB-9BEB-0CBDB0219BC7}.Debug|x86.ActiveCfg = Debug|Any CPU
		{DA25FCAC-C104-4EEB-9BEB-0CBDB0219BC7}.Debug|x86.Build.0 = Debug|Any CPU
		{DA25FCAC-C104-4EEB-9BEB-0CBDB0219BC7}.Release|Any CPU.ActiveCfg = Release|Any CPU
		{DA25FCAC-C104-4EEB-9BEB-0CBDB0219BC7}.Release|Any CPU.Build.0 = Release|Any CPU
		{DA25FCAC-C104-4EEB-9BEB-0CBDB0219BC7}.Release|x64.ActiveCfg = Release|Any CPU
		{DA25FCAC-C104-4EEB-9BEB-0CBDB0219BC7}.Release|x64.Build.0 = Release|Any CPU
		{DA25FCAC-C104-4EEB-9BEB-0CBDB0219BC7}.Release|x86.ActiveCfg = Release|Any CPU
		{DA25FCAC-C104-4EEB-9BEB-0CBDB0219BC7}.Release|x86.Build.0 = Release|Any CPU
		{3B80EC78-7881-46FE-8B76-164FE0243AA2}.Debug|Any CPU.ActiveCfg = Debug|Any CPU
		{3B80EC78-7881-46FE-8B76-164FE0243AA2}.Debug|Any CPU.Build.0 = Debug|Any CPU
		{3B80EC78-7881-46FE-8B76-164FE0243AA2}.Debug|x64.ActiveCfg = Debug|Any CPU
		{3B80EC78-7881-46FE-8B76-164FE0243AA2}.Debug|x64.Build.0 = Debug|Any CPU
		{3B80EC78-7881-46FE-8B76-164FE0243AA2}.Debug|x86.ActiveCfg = Debug|Any CPU
		{3B80EC78-7881-46FE-8B76-164FE0243AA2}.Debug|x86.Build.0 = Debug|Any CPU
		{3B80EC78-7881-46FE-8B76-164FE0243AA2}.Release|Any CPU.ActiveCfg = Release|Any CPU
		{3B80EC78-7881-46FE-8B76-164FE0243AA2}.Release|Any CPU.Build.0 = Release|Any CPU
		{3B80EC78-7881-46FE-8B76-164FE0243AA2}.Release|x64.ActiveCfg = Release|Any CPU
		{3B80EC78-7881-46FE-8B76-164FE0243AA2}.Release|x64.Build.0 = Release|Any CPU
		{3B80EC78-7881-46FE-8B76-164FE0243AA2}.Release|x86.ActiveCfg = Release|Any CPU
		{3B80EC78-7881-46FE-8B76-164FE0243AA2}.Release|x86.Build.0 = Release|Any CPU
		{08B9E221-7AC1-49E0-BAD1-F50C4618CF36}.Debug|Any CPU.ActiveCfg = Debug|Any CPU
		{08B9E221-7AC1-49E0-BAD1-F50C4618CF36}.Debug|Any CPU.Build.0 = Debug|Any CPU
		{08B9E221-7AC1-49E0-BAD1-F50C4618CF36}.Debug|x64.ActiveCfg = Debug|Any CPU
		{08B9E221-7AC1-49E0-BAD1-F50C4618CF36}.Debug|x64.Build.0 = Debug|Any CPU
		{08B9E221-7AC1-49E0-BAD1-F50C4618CF36}.Debug|x86.ActiveCfg = Debug|Any CPU
		{08B9E221-7AC1-49E0-BAD1-F50C4618CF36}.Debug|x86.Build.0 = Debug|Any CPU
		{08B9E221-7AC1-49E0-BAD1-F50C4618CF36}.Release|Any CPU.ActiveCfg = Release|Any CPU
		{08B9E221-7AC1-49E0-BAD1-F50C4618CF36}.Release|Any CPU.Build.0 = Release|Any CPU
		{08B9E221-7AC1-49E0-BAD1-F50C4618CF36}.Release|x64.ActiveCfg = Release|Any CPU
		{08B9E221-7AC1-49E0-BAD1-F50C4618CF36}.Release|x64.Build.0 = Release|Any CPU
		{08B9E221-7AC1-49E0-BAD1-F50C4618CF36}.Release|x86.ActiveCfg = Release|Any CPU
		{08B9E221-7AC1-49E0-BAD1-F50C4618CF36}.Release|x86.Build.0 = Release|Any CPU
		{1076062D-84FA-4196-8445-BACA0A14CF30}.Debug|Any CPU.ActiveCfg = Debug|Any CPU
		{1076062D-84FA-4196-8445-BACA0A14CF30}.Debug|Any CPU.Build.0 = Debug|Any CPU
		{1076062D-84FA-4196-8445-BACA0A14CF30}.Debug|x64.ActiveCfg = Debug|Any CPU
		{1076062D-84FA-4196-8445-BACA0A14CF30}.Debug|x64.Build.0 = Debug|Any CPU
		{1076062D-84FA-4196-8445-BACA0A14CF30}.Debug|x86.ActiveCfg = Debug|Any CPU
		{1076062D-84FA-4196-8445-BACA0A14CF30}.Debug|x86.Build.0 = Debug|Any CPU
		{1076062D-84FA-4196-8445-BACA0A14CF30}.Release|Any CPU.ActiveCfg = Release|Any CPU
		{1076062D-84FA-4196-8445-BACA0A14CF30}.Release|Any CPU.Build.0 = Release|Any CPU
		{1076062D-84FA-4196-8445-BACA0A14CF30}.Release|x64.ActiveCfg = Release|Any CPU
		{1076062D-84FA-4196-8445-BACA0A14CF30}.Release|x64.Build.0 = Release|Any CPU
		{1076062D-84FA-4196-8445-BACA0A14CF30}.Release|x86.ActiveCfg = Release|Any CPU
		{1076062D-84FA-4196-8445-BACA0A14CF30}.Release|x86.Build.0 = Release|Any CPU
	EndGlobalSection
	GlobalSection(SolutionProperties) = preSolution
		HideSolutionNode = FALSE
	EndGlobalSection
	GlobalSection(NestedProjects) = preSolution
		{702EC0BD-D2F4-42E9-93A5-E891C57C0968} = {827E0CD3-B72D-47B6-A68D-7590B98EB39B}
		{4123777A-D6B3-4895-99F4-7C18EBEAA7FA} = {827E0CD3-B72D-47B6-A68D-7590B98EB39B}
		{4F9FCCA1-D307-44CD-814B-F44CA9C2AE66} = {827E0CD3-B72D-47B6-A68D-7590B98EB39B}
		{8530BE7E-184A-4E7F-8779-F43BC1A514BC} = {827E0CD3-B72D-47B6-A68D-7590B98EB39B}
		{6E14268D-22D4-4E12-A8C8-C731CCC63BB7} = {827E0CD3-B72D-47B6-A68D-7590B98EB39B}
		{189058F6-BF43-44C2-B559-ECC59DFF945C} = {827E0CD3-B72D-47B6-A68D-7590B98EB39B}
		{DA25FCAC-C104-4EEB-9BEB-0CBDB0219BC7} = {827E0CD3-B72D-47B6-A68D-7590B98EB39B}
		{3B80EC78-7881-46FE-8B76-164FE0243AA2} = {827E0CD3-B72D-47B6-A68D-7590B98EB39B}
		{08B9E221-7AC1-49E0-BAD1-F50C4618CF36} = {827E0CD3-B72D-47B6-A68D-7590B98EB39B}
		{1076062D-84FA-4196-8445-BACA0A14CF30} = {827E0CD3-B72D-47B6-A68D-7590B98EB39B}
	EndGlobalSection
EndGlobal
