
Microsoft Visual Studio Solution File, Format Version 12.00
# Visual Studio Version 17
VisualStudioVersion = 17.0.31903.59
MinimumVisualStudioVersion = 10.0.40219.1
Project("{2150E333-8FDC-42A3-9474-1A3956D46DE8}") = "src", "src", "{827E0CD3-B72D-47B6-A68D-7590B98EB39B}"
EndProject
Project("{2150E333-8FDC-42A3-9474-1A3956D46DE8}") = "2 Infrastructure", "2 Infrastructure", "{937AC2D4-26E6-56C8-8F6B-33B72A7855C8}"
EndProject
Project("{2150E333-8FDC-42A3-9474-1A3956D46DE8}") = "Connectors", "Connectors", "{195FD8D8-B380-692E-16C9-248C30409C4D}"
EndProject
Project("{FAE04EC0-301F-11D3-BF4B-00C04F79EFBC}") = "CashFlow.Connectors.Statements", "src\CashFlow.Connectors.Statements\CashFlow.Connectors.Statements.csproj", "{696D2229-A8B9-4CA9-A2FB-0AC465DFDE11}"
EndProject
Project("{2150E333-8FDC-42A3-9474-1A3956D46DE8}") = "3 Server", "3 Server", "{CD9EDD94-1B00-5A6F-70C3-5DC8DF133C95}"
EndProject
Project("{FAE04EC0-301F-11D3-BF4B-00C04F79EFBC}") = "CashFlow.Api", "src\CashFlow.Api\CashFlow.Api.csproj", "{A27B3A67-85D1-4666-AB80-047E2D266F99}"
EndProject
Project("{2150E333-8FDC-42A3-9474-1A3956D46DE8}") = "5 Hosts", "5 Hosts", "{CEB34144-35D1-106E-498B-5A2624A3A927}"
EndProject
Project("{FAE04EC0-301F-11D3-BF4B-00C04F79EFBC}") = "CashFlow.Maui", "src\CashFlow.Maui\CashFlow.Maui.csproj", "{1ADDCBFC-5ECA-4EC3-B58D-B3A0AEBD833E}"
EndProject
Project("{FAE04EC0-301F-11D3-BF4B-00C04F79EFBC}") = "CashFlow.Connectors.Abstractions", "src\CashFlow.Connectors.Abstractions\CashFlow.Connectors.Abstractions.csproj", "{546B5C56-12C5-48C4-841C-4D2DD7D341BC}"
EndProject
Project("{FAE04EC0-301F-11D3-BF4B-00C04F79EFBC}") = "CashFlow.Web", "src\CashFlow.Web\CashFlow.Web.csproj", "{786D490B-AAC6-4FCA-9A64-C65DCB50E9F9}"
EndProject
Project("{2150E333-8FDC-42A3-9474-1A3956D46DE8}") = "1 Core", "1 Core", "{BD45E8F9-F9EC-684E-76F1-0A006E85DF53}"
EndProject
Project("{FAE04EC0-301F-11D3-BF4B-00C04F79EFBC}") = "CashFlow.Domain", "src\CashFlow.Domain\CashFlow.Domain.csproj", "{C03F8F5A-8C50-4AE7-B159-54636129C381}"
EndProject
Project("{FAE04EC0-301F-11D3-BF4B-00C04F79EFBC}") = "CashFlow.Connectors.Alfa.Business", "src\CashFlow.Connectors.Alfa.Business\CashFlow.Connectors.Alfa.Business.csproj", "{A62A25EF-725E-4390-A550-1C0D843A0A69}"
EndProject
Project("{2150E333-8FDC-42A3-9474-1A3956D46DE8}") = "4 Client", "4 Client", "{B6C628F5-CACD-DCC3-DC8D-C99800DFA6A1}"
EndProject
Project("{FAE04EC0-301F-11D3-BF4B-00C04F79EFBC}") = "CashFlow.UI", "src\CashFlow.UI\CashFlow.UI.csproj", "{4A05B3B4-CE5F-4AF8-94BF-01F0318F2927}"
EndProject
Project("{2150E333-8FDC-42A3-9474-1A3956D46DE8}") = "tests", "tests", "{0AB3BF05-4346-4AA6-1389-037BE0695223}"
EndProject
Project("{FAE04EC0-301F-11D3-BF4B-00C04F79EFBC}") = "CashFlow.Domain.Tests", "tests\CashFlow.Domain.Tests\CashFlow.Domain.Tests.csproj", "{937FEE68-9A78-44E4-9201-BB4B0E133BAC}"
EndProject
Project("{FAE04EC0-301F-11D3-BF4B-00C04F79EFBC}") = "CashFlow.Connectors.Sber.Business", "src\CashFlow.Connectors.Sber.Business\CashFlow.Connectors.Sber.Business.csproj", "{6A33D95B-F916-47A8-A840-E2D00E513D90}"
EndProject
Project("{FAE04EC0-301F-11D3-BF4B-00C04F79EFBC}") = "CashFlow.Infrastructure", "src\CashFlow.Infrastructure\CashFlow.Infrastructure.csproj", "{548220F2-5DB5-41D6-84D3-015C4FC60AC6}"
EndProject
Project("{FAE04EC0-301F-11D3-BF4B-00C04F79EFBC}") = "CashFlow.Connectors.TBank.Business", "src\CashFlow.Connectors.TBank.Business\CashFlow.Connectors.TBank.Business.csproj", "{F0F88A9F-0608-4914-B9DB-674C1A3E2CE5}"
EndProject
Project("{2150E333-8FDC-42A3-9474-1A3956D46DE8}") = "tools", "tools", "{07C2787E-EAC7-C090-1BA3-A61EC2A24D84}"
EndProject
Project("{FAE04EC0-301F-11D3-BF4B-00C04F79EFBC}") = "StatementProbe", "tools\StatementProbe\StatementProbe.csproj", "{81A7252C-EFE1-4CCE-859A-5DB0EAEA7FCD}"
EndProject
Project("{FAE04EC0-301F-11D3-BF4B-00C04F79EFBC}") = "CashFlow.Client", "src\CashFlow.Client\CashFlow.Client.csproj", "{A6FE24B7-3A54-4FB1-9423-2660C001EBE6}"
EndProject
Project("{FAE04EC0-301F-11D3-BF4B-00C04F79EFBC}") = "CashFlow.Connectors.TInvest", "src\CashFlow.Connectors.TInvest\CashFlow.Connectors.TInvest.csproj", "{B4C023A6-9302-4E46-BDD2-DFFE679B74FE}"
EndProject
Project("{FAE04EC0-301F-11D3-BF4B-00C04F79EFBC}") = "CashFlow.Application", "src\CashFlow.Application\CashFlow.Application.csproj", "{B72919A2-D176-4B2B-A122-8721BD4004D4}"
EndProject
Project("{FAE04EC0-301F-11D3-BF4B-00C04F79EFBC}") = "CashFlow.Server", "src\CashFlow.Server\CashFlow.Server.csproj", "{3F87D0CF-C6F8-480B-A327-419D624F71A7}"
EndProject
Global
	GlobalSection(SolutionConfigurationPlatforms) = preSolution
		Debug|Any CPU = Debug|Any CPU
		Debug|x64 = Debug|x64
		Debug|x86 = Debug|x86
		Release|Any CPU = Release|Any CPU
		Release|x64 = Release|x64
		Release|x86 = Release|x86
	EndGlobalSection
	GlobalSection(ProjectConfigurationPlatforms) = postSolution
		{696D2229-A8B9-4CA9-A2FB-0AC465DFDE11}.Debug|Any CPU.ActiveCfg = Debug|Any CPU
		{696D2229-A8B9-4CA9-A2FB-0AC465DFDE11}.Debug|Any CPU.Build.0 = Debug|Any CPU
		{696D2229-A8B9-4CA9-A2FB-0AC465DFDE11}.Debug|x64.ActiveCfg = Debug|Any CPU
		{696D2229-A8B9-4CA9-A2FB-0AC465DFDE11}.Debug|x64.Build.0 = Debug|Any CPU
		{696D2229-A8B9-4CA9-A2FB-0AC465DFDE11}.Debug|x86.ActiveCfg = Debug|Any CPU
		{696D2229-A8B9-4CA9-A2FB-0AC465DFDE11}.Debug|x86.Build.0 = Debug|Any CPU
		{696D2229-A8B9-4CA9-A2FB-0AC465DFDE11}.Release|Any CPU.ActiveCfg = Release|Any CPU
		{696D2229-A8B9-4CA9-A2FB-0AC465DFDE11}.Release|Any CPU.Build.0 = Release|Any CPU
		{696D2229-A8B9-4CA9-A2FB-0AC465DFDE11}.Release|x64.ActiveCfg = Release|Any CPU
		{696D2229-A8B9-4CA9-A2FB-0AC465DFDE11}.Release|x64.Build.0 = Release|Any CPU
		{696D2229-A8B9-4CA9-A2FB-0AC465DFDE11}.Release|x86.ActiveCfg = Release|Any CPU
		{696D2229-A8B9-4CA9-A2FB-0AC465DFDE11}.Release|x86.Build.0 = Release|Any CPU
		{A27B3A67-85D1-4666-AB80-047E2D266F99}.Debug|Any CPU.ActiveCfg = Debug|Any CPU
		{A27B3A67-85D1-4666-AB80-047E2D266F99}.Debug|Any CPU.Build.0 = Debug|Any CPU
		{A27B3A67-85D1-4666-AB80-047E2D266F99}.Debug|x64.ActiveCfg = Debug|Any CPU
		{A27B3A67-85D1-4666-AB80-047E2D266F99}.Debug|x64.Build.0 = Debug|Any CPU
		{A27B3A67-85D1-4666-AB80-047E2D266F99}.Debug|x86.ActiveCfg = Debug|Any CPU
		{A27B3A67-85D1-4666-AB80-047E2D266F99}.Debug|x86.Build.0 = Debug|Any CPU
		{A27B3A67-85D1-4666-AB80-047E2D266F99}.Release|Any CPU.ActiveCfg = Release|Any CPU
		{A27B3A67-85D1-4666-AB80-047E2D266F99}.Release|Any CPU.Build.0 = Release|Any CPU
		{A27B3A67-85D1-4666-AB80-047E2D266F99}.Release|x64.ActiveCfg = Release|Any CPU
		{A27B3A67-85D1-4666-AB80-047E2D266F99}.Release|x64.Build.0 = Release|Any CPU
		{A27B3A67-85D1-4666-AB80-047E2D266F99}.Release|x86.ActiveCfg = Release|Any CPU
		{A27B3A67-85D1-4666-AB80-047E2D266F99}.Release|x86.Build.0 = Release|Any CPU
		{1ADDCBFC-5ECA-4EC3-B58D-B3A0AEBD833E}.Debug|Any CPU.ActiveCfg = Debug|Any CPU
		{1ADDCBFC-5ECA-4EC3-B58D-B3A0AEBD833E}.Debug|Any CPU.Build.0 = Debug|Any CPU
		{1ADDCBFC-5ECA-4EC3-B58D-B3A0AEBD833E}.Debug|x64.ActiveCfg = Debug|Any CPU
		{1ADDCBFC-5ECA-4EC3-B58D-B3A0AEBD833E}.Debug|x64.Build.0 = Debug|Any CPU
		{1ADDCBFC-5ECA-4EC3-B58D-B3A0AEBD833E}.Debug|x86.ActiveCfg = Debug|Any CPU
		{1ADDCBFC-5ECA-4EC3-B58D-B3A0AEBD833E}.Debug|x86.Build.0 = Debug|Any CPU
		{1ADDCBFC-5ECA-4EC3-B58D-B3A0AEBD833E}.Release|Any CPU.ActiveCfg = Release|Any CPU
		{1ADDCBFC-5ECA-4EC3-B58D-B3A0AEBD833E}.Release|Any CPU.Build.0 = Release|Any CPU
		{1ADDCBFC-5ECA-4EC3-B58D-B3A0AEBD833E}.Release|x64.ActiveCfg = Release|Any CPU
		{1ADDCBFC-5ECA-4EC3-B58D-B3A0AEBD833E}.Release|x64.Build.0 = Release|Any CPU
		{1ADDCBFC-5ECA-4EC3-B58D-B3A0AEBD833E}.Release|x86.ActiveCfg = Release|Any CPU
		{1ADDCBFC-5ECA-4EC3-B58D-B3A0AEBD833E}.Release|x86.Build.0 = Release|Any CPU
		{546B5C56-12C5-48C4-841C-4D2DD7D341BC}.Debug|Any CPU.ActiveCfg = Debug|Any CPU
		{546B5C56-12C5-48C4-841C-4D2DD7D341BC}.Debug|Any CPU.Build.0 = Debug|Any CPU
		{546B5C56-12C5-48C4-841C-4D2DD7D341BC}.Debug|x64.ActiveCfg = Debug|Any CPU
		{546B5C56-12C5-48C4-841C-4D2DD7D341BC}.Debug|x64.Build.0 = Debug|Any CPU
		{546B5C56-12C5-48C4-841C-4D2DD7D341BC}.Debug|x86.ActiveCfg = Debug|Any CPU
		{546B5C56-12C5-48C4-841C-4D2DD7D341BC}.Debug|x86.Build.0 = Debug|Any CPU
		{546B5C56-12C5-48C4-841C-4D2DD7D341BC}.Release|Any CPU.ActiveCfg = Release|Any CPU
		{546B5C56-12C5-48C4-841C-4D2DD7D341BC}.Release|Any CPU.Build.0 = Release|Any CPU
		{546B5C56-12C5-48C4-841C-4D2DD7D341BC}.Release|x64.ActiveCfg = Release|Any CPU
		{546B5C56-12C5-48C4-841C-4D2DD7D341BC}.Release|x64.Build.0 = Release|Any CPU
		{546B5C56-12C5-48C4-841C-4D2DD7D341BC}.Release|x86.ActiveCfg = Release|Any CPU
		{546B5C56-12C5-48C4-841C-4D2DD7D341BC}.Release|x86.Build.0 = Release|Any CPU
		{786D490B-AAC6-4FCA-9A64-C65DCB50E9F9}.Debug|Any CPU.ActiveCfg = Debug|Any CPU
		{786D490B-AAC6-4FCA-9A64-C65DCB50E9F9}.Debug|Any CPU.Build.0 = Debug|Any CPU
		{786D490B-AAC6-4FCA-9A64-C65DCB50E9F9}.Debug|x64.ActiveCfg = Debug|Any CPU
		{786D490B-AAC6-4FCA-9A64-C65DCB50E9F9}.Debug|x64.Build.0 = Debug|Any CPU
		{786D490B-AAC6-4FCA-9A64-C65DCB50E9F9}.Debug|x86.ActiveCfg = Debug|Any CPU
		{786D490B-AAC6-4FCA-9A64-C65DCB50E9F9}.Debug|x86.Build.0 = Debug|Any CPU
		{786D490B-AAC6-4FCA-9A64-C65DCB50E9F9}.Release|Any CPU.ActiveCfg = Release|Any CPU
		{786D490B-AAC6-4FCA-9A64-C65DCB50E9F9}.Release|Any CPU.Build.0 = Release|Any CPU
		{786D490B-AAC6-4FCA-9A64-C65DCB50E9F9}.Release|x64.ActiveCfg = Release|Any CPU
		{786D490B-AAC6-4FCA-9A64-C65DCB50E9F9}.Release|x64.Build.0 = Release|Any CPU
		{786D490B-AAC6-4FCA-9A64-C65DCB50E9F9}.Release|x86.ActiveCfg = Release|Any CPU
		{786D490B-AAC6-4FCA-9A64-C65DCB50E9F9}.Release|x86.Build.0 = Release|Any CPU
		{C03F8F5A-8C50-4AE7-B159-54636129C381}.Debug|Any CPU.ActiveCfg = Debug|Any CPU
		{C03F8F5A-8C50-4AE7-B159-54636129C381}.Debug|Any CPU.Build.0 = Debug|Any CPU
		{C03F8F5A-8C50-4AE7-B159-54636129C381}.Debug|x64.ActiveCfg = Debug|Any CPU
		{C03F8F5A-8C50-4AE7-B159-54636129C381}.Debug|x64.Build.0 = Debug|Any CPU
		{C03F8F5A-8C50-4AE7-B159-54636129C381}.Debug|x86.ActiveCfg = Debug|Any CPU
		{C03F8F5A-8C50-4AE7-B159-54636129C381}.Debug|x86.Build.0 = Debug|Any CPU
		{C03F8F5A-8C50-4AE7-B159-54636129C381}.Release|Any CPU.ActiveCfg = Release|Any CPU
		{C03F8F5A-8C50-4AE7-B159-54636129C381}.Release|Any CPU.Build.0 = Release|Any CPU
		{C03F8F5A-8C50-4AE7-B159-54636129C381}.Release|x64.ActiveCfg = Release|Any CPU
		{C03F8F5A-8C50-4AE7-B159-54636129C381}.Release|x64.Build.0 = Release|Any CPU
		{C03F8F5A-8C50-4AE7-B159-54636129C381}.Release|x86.ActiveCfg = Release|Any CPU
		{C03F8F5A-8C50-4AE7-B159-54636129C381}.Release|x86.Build.0 = Release|Any CPU
		{A62A25EF-725E-4390-A550-1C0D843A0A69}.Debug|Any CPU.ActiveCfg = Debug|Any CPU
		{A62A25EF-725E-4390-A550-1C0D843A0A69}.Debug|Any CPU.Build.0 = Debug|Any CPU
		{A62A25EF-725E-4390-A550-1C0D843A0A69}.Debug|x64.ActiveCfg = Debug|Any CPU
		{A62A25EF-725E-4390-A550-1C0D843A0A69}.Debug|x64.Build.0 = Debug|Any CPU
		{A62A25EF-725E-4390-A550-1C0D843A0A69}.Debug|x86.ActiveCfg = Debug|Any CPU
		{A62A25EF-725E-4390-A550-1C0D843A0A69}.Debug|x86.Build.0 = Debug|Any CPU
		{A62A25EF-725E-4390-A550-1C0D843A0A69}.Release|Any CPU.ActiveCfg = Release|Any CPU
		{A62A25EF-725E-4390-A550-1C0D843A0A69}.Release|Any CPU.Build.0 = Release|Any CPU
		{A62A25EF-725E-4390-A550-1C0D843A0A69}.Release|x64.ActiveCfg = Release|Any CPU
		{A62A25EF-725E-4390-A550-1C0D843A0A69}.Release|x64.Build.0 = Release|Any CPU
		{A62A25EF-725E-4390-A550-1C0D843A0A69}.Release|x86.ActiveCfg = Release|Any CPU
		{A62A25EF-725E-4390-A550-1C0D843A0A69}.Release|x86.Build.0 = Release|Any CPU
		{4A05B3B4-CE5F-4AF8-94BF-01F0318F2927}.Debug|Any CPU.ActiveCfg = Debug|Any CPU
		{4A05B3B4-CE5F-4AF8-94BF-01F0318F2927}.Debug|Any CPU.Build.0 = Debug|Any CPU
		{4A05B3B4-CE5F-4AF8-94BF-01F0318F2927}.Debug|x64.ActiveCfg = Debug|Any CPU
		{4A05B3B4-CE5F-4AF8-94BF-01F0318F2927}.Debug|x64.Build.0 = Debug|Any CPU
		{4A05B3B4-CE5F-4AF8-94BF-01F0318F2927}.Debug|x86.ActiveCfg = Debug|Any CPU
		{4A05B3B4-CE5F-4AF8-94BF-01F0318F2927}.Debug|x86.Build.0 = Debug|Any CPU
		{4A05B3B4-CE5F-4AF8-94BF-01F0318F2927}.Release|Any CPU.ActiveCfg = Release|Any CPU
		{4A05B3B4-CE5F-4AF8-94BF-01F0318F2927}.Release|Any CPU.Build.0 = Release|Any CPU
		{4A05B3B4-CE5F-4AF8-94BF-01F0318F2927}.Release|x64.ActiveCfg = Release|Any CPU
		{4A05B3B4-CE5F-4AF8-94BF-01F0318F2927}.Release|x64.Build.0 = Release|Any CPU
		{4A05B3B4-CE5F-4AF8-94BF-01F0318F2927}.Release|x86.ActiveCfg = Release|Any CPU
		{4A05B3B4-CE5F-4AF8-94BF-01F0318F2927}.Release|x86.Build.0 = Release|Any CPU
		{937FEE68-9A78-44E4-9201-BB4B0E133BAC}.Debug|Any CPU.ActiveCfg = Debug|Any CPU
		{937FEE68-9A78-44E4-9201-BB4B0E133BAC}.Debug|Any CPU.Build.0 = Debug|Any CPU
		{937FEE68-9A78-44E4-9201-BB4B0E133BAC}.Debug|x64.ActiveCfg = Debug|Any CPU
		{937FEE68-9A78-44E4-9201-BB4B0E133BAC}.Debug|x64.Build.0 = Debug|Any CPU
		{937FEE68-9A78-44E4-9201-BB4B0E133BAC}.Debug|x86.ActiveCfg = Debug|Any CPU
		{937FEE68-9A78-44E4-9201-BB4B0E133BAC}.Debug|x86.Build.0 = Debug|Any CPU
		{937FEE68-9A78-44E4-9201-BB4B0E133BAC}.Release|Any CPU.ActiveCfg = Release|Any CPU
		{937FEE68-9A78-44E4-9201-BB4B0E133BAC}.Release|Any CPU.Build.0 = Release|Any CPU
		{937FEE68-9A78-44E4-9201-BB4B0E133BAC}.Release|x64.ActiveCfg = Release|Any CPU
		{937FEE68-9A78-44E4-9201-BB4B0E133BAC}.Release|x64.Build.0 = Release|Any CPU
		{937FEE68-9A78-44E4-9201-BB4B0E133BAC}.Release|x86.ActiveCfg = Release|Any CPU
		{937FEE68-9A78-44E4-9201-BB4B0E133BAC}.Release|x86.Build.0 = Release|Any CPU
		{6A33D95B-F916-47A8-A840-E2D00E513D90}.Debug|Any CPU.ActiveCfg = Debug|Any CPU
		{6A33D95B-F916-47A8-A840-E2D00E513D90}.Debug|Any CPU.Build.0 = Debug|Any CPU
		{6A33D95B-F916-47A8-A840-E2D00E513D90}.Debug|x64.ActiveCfg = Debug|Any CPU
		{6A33D95B-F916-47A8-A840-E2D00E513D90}.Debug|x64.Build.0 = Debug|Any CPU
		{6A33D95B-F916-47A8-A840-E2D00E513D90}.Debug|x86.ActiveCfg = Debug|Any CPU
		{6A33D95B-F916-47A8-A840-E2D00E513D90}.Debug|x86.Build.0 = Debug|Any CPU
		{6A33D95B-F916-47A8-A840-E2D00E513D90}.Release|Any CPU.ActiveCfg = Release|Any CPU
		{6A33D95B-F916-47A8-A840-E2D00E513D90}.Release|Any CPU.Build.0 = Release|Any CPU
		{6A33D95B-F916-47A8-A840-E2D00E513D90}.Release|x64.ActiveCfg = Release|Any CPU
		{6A33D95B-F916-47A8-A840-E2D00E513D90}.Release|x64.Build.0 = Release|Any CPU
		{6A33D95B-F916-47A8-A840-E2D00E513D90}.Release|x86.ActiveCfg = Release|Any CPU
		{6A33D95B-F916-47A8-A840-E2D00E513D90}.Release|x86.Build.0 = Release|Any CPU
		{548220F2-5DB5-41D6-84D3-015C4FC60AC6}.Debug|Any CPU.ActiveCfg = Debug|Any CPU
		{548220F2-5DB5-41D6-84D3-015C4FC60AC6}.Debug|Any CPU.Build.0 = Debug|Any CPU
		{548220F2-5DB5-41D6-84D3-015C4FC60AC6}.Debug|x64.ActiveCfg = Debug|Any CPU
		{548220F2-5DB5-41D6-84D3-015C4FC60AC6}.Debug|x64.Build.0 = Debug|Any CPU
		{548220F2-5DB5-41D6-84D3-015C4FC60AC6}.Debug|x86.ActiveCfg = Debug|Any CPU
		{548220F2-5DB5-41D6-84D3-015C4FC60AC6}.Debug|x86.Build.0 = Debug|Any CPU
		{548220F2-5DB5-41D6-84D3-015C4FC60AC6}.Release|Any CPU.ActiveCfg = Release|Any CPU
		{548220F2-5DB5-41D6-84D3-015C4FC60AC6}.Release|Any CPU.Build.0 = Release|Any CPU
		{548220F2-5DB5-41D6-84D3-015C4FC60AC6}.Release|x64.ActiveCfg = Release|Any CPU
		{548220F2-5DB5-41D6-84D3-015C4FC60AC6}.Release|x64.Build.0 = Release|Any CPU
		{548220F2-5DB5-41D6-84D3-015C4FC60AC6}.Release|x86.ActiveCfg = Release|Any CPU
		{548220F2-5DB5-41D6-84D3-015C4FC60AC6}.Release|x86.Build.0 = Release|Any CPU
		{F0F88A9F-0608-4914-B9DB-674C1A3E2CE5}.Debug|Any CPU.ActiveCfg = Debug|Any CPU
		{F0F88A9F-0608-4914-B9DB-674C1A3E2CE5}.Debug|Any CPU.Build.0 = Debug|Any CPU
		{F0F88A9F-0608-4914-B9DB-674C1A3E2CE5}.Debug|x64.ActiveCfg = Debug|Any CPU
		{F0F88A9F-0608-4914-B9DB-674C1A3E2CE5}.Debug|x64.Build.0 = Debug|Any CPU
		{F0F88A9F-0608-4914-B9DB-674C1A3E2CE5}.Debug|x86.ActiveCfg = Debug|Any CPU
		{F0F88A9F-0608-4914-B9DB-674C1A3E2CE5}.Debug|x86.Build.0 = Debug|Any CPU
		{F0F88A9F-0608-4914-B9DB-674C1A3E2CE5}.Release|Any CPU.ActiveCfg = Release|Any CPU
		{F0F88A9F-0608-4914-B9DB-674C1A3E2CE5}.Release|Any CPU.Build.0 = Release|Any CPU
		{F0F88A9F-0608-4914-B9DB-674C1A3E2CE5}.Release|x64.ActiveCfg = Release|Any CPU
		{F0F88A9F-0608-4914-B9DB-674C1A3E2CE5}.Release|x64.Build.0 = Release|Any CPU
		{F0F88A9F-0608-4914-B9DB-674C1A3E2CE5}.Release|x86.ActiveCfg = Release|Any CPU
		{F0F88A9F-0608-4914-B9DB-674C1A3E2CE5}.Release|x86.Build.0 = Release|Any CPU
		{81A7252C-EFE1-4CCE-859A-5DB0EAEA7FCD}.Debug|Any CPU.ActiveCfg = Debug|Any CPU
		{81A7252C-EFE1-4CCE-859A-5DB0EAEA7FCD}.Debug|Any CPU.Build.0 = Debug|Any CPU
		{81A7252C-EFE1-4CCE-859A-5DB0EAEA7FCD}.Debug|x64.ActiveCfg = Debug|Any CPU
		{81A7252C-EFE1-4CCE-859A-5DB0EAEA7FCD}.Debug|x64.Build.0 = Debug|Any CPU
		{81A7252C-EFE1-4CCE-859A-5DB0EAEA7FCD}.Debug|x86.ActiveCfg = Debug|Any CPU
		{81A7252C-EFE1-4CCE-859A-5DB0EAEA7FCD}.Debug|x86.Build.0 = Debug|Any CPU
		{81A7252C-EFE1-4CCE-859A-5DB0EAEA7FCD}.Release|Any CPU.ActiveCfg = Release|Any CPU
		{81A7252C-EFE1-4CCE-859A-5DB0EAEA7FCD}.Release|Any CPU.Build.0 = Release|Any CPU
		{81A7252C-EFE1-4CCE-859A-5DB0EAEA7FCD}.Release|x64.ActiveCfg = Release|Any CPU
		{81A7252C-EFE1-4CCE-859A-5DB0EAEA7FCD}.Release|x64.Build.0 = Release|Any CPU
		{81A7252C-EFE1-4CCE-859A-5DB0EAEA7FCD}.Release|x86.ActiveCfg = Release|Any CPU
		{81A7252C-EFE1-4CCE-859A-5DB0EAEA7FCD}.Release|x86.Build.0 = Release|Any CPU
		{A6FE24B7-3A54-4FB1-9423-2660C001EBE6}.Debug|Any CPU.ActiveCfg = Debug|Any CPU
		{A6FE24B7-3A54-4FB1-9423-2660C001EBE6}.Debug|Any CPU.Build.0 = Debug|Any CPU
		{A6FE24B7-3A54-4FB1-9423-2660C001EBE6}.Debug|x64.ActiveCfg = Debug|Any CPU
		{A6FE24B7-3A54-4FB1-9423-2660C001EBE6}.Debug|x64.Build.0 = Debug|Any CPU
		{A6FE24B7-3A54-4FB1-9423-2660C001EBE6}.Debug|x86.ActiveCfg = Debug|Any CPU
		{A6FE24B7-3A54-4FB1-9423-2660C001EBE6}.Debug|x86.Build.0 = Debug|Any CPU
		{A6FE24B7-3A54-4FB1-9423-2660C001EBE6}.Release|Any CPU.ActiveCfg = Release|Any CPU
		{A6FE24B7-3A54-4FB1-9423-2660C001EBE6}.Release|Any CPU.Build.0 = Release|Any CPU
		{A6FE24B7-3A54-4FB1-9423-2660C001EBE6}.Release|x64.ActiveCfg = Release|Any CPU
		{A6FE24B7-3A54-4FB1-9423-2660C001EBE6}.Release|x64.Build.0 = Release|Any CPU
		{A6FE24B7-3A54-4FB1-9423-2660C001EBE6}.Release|x86.ActiveCfg = Release|Any CPU
		{A6FE24B7-3A54-4FB1-9423-2660C001EBE6}.Release|x86.Build.0 = Release|Any CPU
		{B4C023A6-9302-4E46-BDD2-DFFE679B74FE}.Debug|Any CPU.ActiveCfg = Debug|Any CPU
		{B4C023A6-9302-4E46-BDD2-DFFE679B74FE}.Debug|Any CPU.Build.0 = Debug|Any CPU
		{B4C023A6-9302-4E46-BDD2-DFFE679B74FE}.Debug|x64.ActiveCfg = Debug|Any CPU
		{B4C023A6-9302-4E46-BDD2-DFFE679B74FE}.Debug|x64.Build.0 = Debug|Any CPU
		{B4C023A6-9302-4E46-BDD2-DFFE679B74FE}.Debug|x86.ActiveCfg = Debug|Any CPU
		{B4C023A6-9302-4E46-BDD2-DFFE679B74FE}.Debug|x86.Build.0 = Debug|Any CPU
		{B4C023A6-9302-4E46-BDD2-DFFE679B74FE}.Release|Any CPU.ActiveCfg = Release|Any CPU
		{B4C023A6-9302-4E46-BDD2-DFFE679B74FE}.Release|Any CPU.Build.0 = Release|Any CPU
		{B4C023A6-9302-4E46-BDD2-DFFE679B74FE}.Release|x64.ActiveCfg = Release|Any CPU
		{B4C023A6-9302-4E46-BDD2-DFFE679B74FE}.Release|x64.Build.0 = Release|Any CPU
		{B4C023A6-9302-4E46-BDD2-DFFE679B74FE}.Release|x86.ActiveCfg = Release|Any CPU
		{B4C023A6-9302-4E46-BDD2-DFFE679B74FE}.Release|x86.Build.0 = Release|Any CPU
		{B72919A2-D176-4B2B-A122-8721BD4004D4}.Debug|Any CPU.ActiveCfg = Debug|Any CPU
		{B72919A2-D176-4B2B-A122-8721BD4004D4}.Debug|Any CPU.Build.0 = Debug|Any CPU
		{B72919A2-D176-4B2B-A122-8721BD4004D4}.Debug|x64.ActiveCfg = Debug|Any CPU
		{B72919A2-D176-4B2B-A122-8721BD4004D4}.Debug|x64.Build.0 = Debug|Any CPU
		{B72919A2-D176-4B2B-A122-8721BD4004D4}.Debug|x86.ActiveCfg = Debug|Any CPU
		{B72919A2-D176-4B2B-A122-8721BD4004D4}.Debug|x86.Build.0 = Debug|Any CPU
		{B72919A2-D176-4B2B-A122-8721BD4004D4}.Release|Any CPU.ActiveCfg = Release|Any CPU
		{B72919A2-D176-4B2B-A122-8721BD4004D4}.Release|Any CPU.Build.0 = Release|Any CPU
		{B72919A2-D176-4B2B-A122-8721BD4004D4}.Release|x64.ActiveCfg = Release|Any CPU
		{B72919A2-D176-4B2B-A122-8721BD4004D4}.Release|x64.Build.0 = Release|Any CPU
		{B72919A2-D176-4B2B-A122-8721BD4004D4}.Release|x86.ActiveCfg = Release|Any CPU
		{B72919A2-D176-4B2B-A122-8721BD4004D4}.Release|x86.Build.0 = Release|Any CPU
		{3F87D0CF-C6F8-480B-A327-419D624F71A7}.Debug|Any CPU.ActiveCfg = Debug|Any CPU
		{3F87D0CF-C6F8-480B-A327-419D624F71A7}.Debug|Any CPU.Build.0 = Debug|Any CPU
		{3F87D0CF-C6F8-480B-A327-419D624F71A7}.Debug|x64.ActiveCfg = Debug|Any CPU
		{3F87D0CF-C6F8-480B-A327-419D624F71A7}.Debug|x64.Build.0 = Debug|Any CPU
		{3F87D0CF-C6F8-480B-A327-419D624F71A7}.Debug|x86.ActiveCfg = Debug|Any CPU
		{3F87D0CF-C6F8-480B-A327-419D624F71A7}.Debug|x86.Build.0 = Debug|Any CPU
		{3F87D0CF-C6F8-480B-A327-419D624F71A7}.Release|Any CPU.ActiveCfg = Release|Any CPU
		{3F87D0CF-C6F8-480B-A327-419D624F71A7}.Release|Any CPU.Build.0 = Release|Any CPU
		{3F87D0CF-C6F8-480B-A327-419D624F71A7}.Release|x64.ActiveCfg = Release|Any CPU
		{3F87D0CF-C6F8-480B-A327-419D624F71A7}.Release|x64.Build.0 = Release|Any CPU
		{3F87D0CF-C6F8-480B-A327-419D624F71A7}.Release|x86.ActiveCfg = Release|Any CPU
		{3F87D0CF-C6F8-480B-A327-419D624F71A7}.Release|x86.Build.0 = Release|Any CPU
	EndGlobalSection
	GlobalSection(SolutionProperties) = preSolution
		HideSolutionNode = FALSE
	EndGlobalSection
	GlobalSection(NestedProjects) = preSolution
		{937AC2D4-26E6-56C8-8F6B-33B72A7855C8} = {827E0CD3-B72D-47B6-A68D-7590B98EB39B}
		{195FD8D8-B380-692E-16C9-248C30409C4D} = {937AC2D4-26E6-56C8-8F6B-33B72A7855C8}
		{696D2229-A8B9-4CA9-A2FB-0AC465DFDE11} = {195FD8D8-B380-692E-16C9-248C30409C4D}
		{CD9EDD94-1B00-5A6F-70C3-5DC8DF133C95} = {827E0CD3-B72D-47B6-A68D-7590B98EB39B}
		{A27B3A67-85D1-4666-AB80-047E2D266F99} = {CD9EDD94-1B00-5A6F-70C3-5DC8DF133C95}
		{CEB34144-35D1-106E-498B-5A2624A3A927} = {827E0CD3-B72D-47B6-A68D-7590B98EB39B}
		{1ADDCBFC-5ECA-4EC3-B58D-B3A0AEBD833E} = {CEB34144-35D1-106E-498B-5A2624A3A927}
		{546B5C56-12C5-48C4-841C-4D2DD7D341BC} = {195FD8D8-B380-692E-16C9-248C30409C4D}
		{786D490B-AAC6-4FCA-9A64-C65DCB50E9F9} = {CEB34144-35D1-106E-498B-5A2624A3A927}
		{BD45E8F9-F9EC-684E-76F1-0A006E85DF53} = {827E0CD3-B72D-47B6-A68D-7590B98EB39B}
		{C03F8F5A-8C50-4AE7-B159-54636129C381} = {BD45E8F9-F9EC-684E-76F1-0A006E85DF53}
		{A62A25EF-725E-4390-A550-1C0D843A0A69} = {195FD8D8-B380-692E-16C9-248C30409C4D}
		{B6C628F5-CACD-DCC3-DC8D-C99800DFA6A1} = {827E0CD3-B72D-47B6-A68D-7590B98EB39B}
		{4A05B3B4-CE5F-4AF8-94BF-01F0318F2927} = {B6C628F5-CACD-DCC3-DC8D-C99800DFA6A1}
		{937FEE68-9A78-44E4-9201-BB4B0E133BAC} = {0AB3BF05-4346-4AA6-1389-037BE0695223}
		{6A33D95B-F916-47A8-A840-E2D00E513D90} = {195FD8D8-B380-692E-16C9-248C30409C4D}
		{548220F2-5DB5-41D6-84D3-015C4FC60AC6} = {937AC2D4-26E6-56C8-8F6B-33B72A7855C8}
		{F0F88A9F-0608-4914-B9DB-674C1A3E2CE5} = {195FD8D8-B380-692E-16C9-248C30409C4D}
		{81A7252C-EFE1-4CCE-859A-5DB0EAEA7FCD} = {07C2787E-EAC7-C090-1BA3-A61EC2A24D84}
		{A6FE24B7-3A54-4FB1-9423-2660C001EBE6} = {B6C628F5-CACD-DCC3-DC8D-C99800DFA6A1}
		{B4C023A6-9302-4E46-BDD2-DFFE679B74FE} = {195FD8D8-B380-692E-16C9-248C30409C4D}
		{B72919A2-D176-4B2B-A122-8721BD4004D4} = {BD45E8F9-F9EC-684E-76F1-0A006E85DF53}
		{3F87D0CF-C6F8-480B-A327-419D624F71A7} = {CD9EDD94-1B00-5A6F-70C3-5DC8DF133C95}
	EndGlobalSection
EndGlobal
